
Microsoft Visual Studio Solution File, Format Version 12.00
# Visual Studio Version 16
VisualStudioVersion = 16.0.29324.140
MinimumVisualStudioVersion = 10.0.40219.1
Project("{9A19103F-16F7-4668-BE54-9A1E7A4F7556}") = "Loops", "SimpleLoop\Loops.csproj", "{0FB62BA0-0AD2-46D2-9FDA-87988F5E8E59}"
EndProject
Project("{9A19103F-16F7-4668-BE54-9A1E7A4F7556}") = "DataTypes", "DataTypes\DataTypes.csproj", "{14723804-C0F1-4183-942B-92B4A883A408}"
EndProject
Project("{FAE04EC0-301F-11D3-BF4B-00C04F79EFBC}") = "Enums", "Enums\Enums.csproj", "{BCF64EBC-1430-4EC8-BC2C-B96484EA5F35}"
EndProject
Project("{FAE04EC0-301F-11D3-BF4B-00C04F79EFBC}") = "SpaghettiCode", "SpaghettiCode\SpaghettiCode.csproj", "{2C3322D2-8741-4C46-A334-EC8806490A7B}"
EndProject
Project("{FAE04EC0-301F-11D3-BF4B-00C04F79EFBC}") = "ClassesAndObjects", "Simple Classes\ClassesAndObjects\ClassesAndObjects.csproj", "{6023992B-05AF-4EAE-81AF-ED02CFCC1F9C}"
EndProject
Project("{9A19103F-16F7-4668-BE54-9A1E7A4F7556}") = "OOP_Introduction", "Simple Classes\PersonAndStudents\OOP_Introduction\OOP_Introduction.csproj", "{201C1E58-EBC7-4B80-9387-D42B22DBE94D}"
EndProject
Project("{2150E333-8FDC-42A3-9474-1A3956D46DE8}") = "Classes", "Classes", "{82FBBF2B-3A3D-4BB9-B52B-D2B2147DBDA0}"
EndProject
Project("{2150E333-8FDC-42A3-9474-1A3956D46DE8}") = "Fundamentals", "Fundamentals", "{0BBDFD85-BBF0-496B-A6B9-62E9AF5E9532}"
EndProject
Project("{2150E333-8FDC-42A3-9474-1A3956D46DE8}") = "CleanCode", "CleanCode", "{C2D90613-06A0-40CF-B221-6E377A627233}"
EndProject
Project("{2150E333-8FDC-42A3-9474-1A3956D46DE8}") = "ExampleProjects", "ExampleProjects", "{36140C0F-FEB8-4D0C-B008-5522F83AD77D}"
EndProject
Project("{2150E333-8FDC-42A3-9474-1A3956D46DE8}") = "IO", "IO", "{29366091-DC2E-48EE-8343-8A4CA8F3BFDC}"
EndProject
Project("{FAE04EC0-301F-11D3-BF4B-00C04F79EFBC}") = "SimpleFileEditor", "SimpleFileEditor\SimpleFileEditor.csproj", "{B9CF952E-73E8-433F-AB9E-4E401953BFC4}"
EndProject
Project("{FAE04EC0-301F-11D3-BF4B-00C04F79EFBC}") = "HexadecimalConverter", "HexadecimalConverter\HexadecimalConverter.csproj", "{A606549F-7DB8-474A-8BD1-EBCF5CA6C2AA}"
EndProject
Project("{FAE04EC0-301F-11D3-BF4B-00C04F79EFBC}") = "IntroToClasses", "Simple Classes\IntroToClasses\IntroToClasses\IntroToClasses.csproj", "{282F4D30-F68D-4AF3-AEEC-77C5B6ABF0AE}"
EndProject
Project("{2150E333-8FDC-42A3-9474-1A3956D46DE8}") = "Important concepts", "Important concepts", "{C2FE1FAD-7AAA-4AFE-91E2-55B922080362}"
EndProject
Project("{2150E333-8FDC-42A3-9474-1A3956D46DE8}") = "Recursion", "Recursion", "{D9065F40-5F88-470E-83FE-B48BC9EE37E7}"
EndProject
Project("{2150E333-8FDC-42A3-9474-1A3956D46DE8}") = "Conversions", "Conversions", "{2036D537-D391-406F-B18B-D95AB75F8A54}"
EndProject
Project("{FAE04EC0-301F-11D3-BF4B-00C04F79EFBC}") = "DataFetchApp", "Recursion\RetryProgram\DataFetchApp\DataFetchApp.csproj", "{9E40DEE1-B7E3-48DB-9339-751EA5493F85}"
EndProject
Project("{2150E333-8FDC-42A3-9474-1A3956D46DE8}") = "Exceptions", "Exceptions", "{59BCF0D2-B8CC-425A-AC27-FA2CD3842B75}"
EndProject
Project("{FAE04EC0-301F-11D3-BF4B-00C04F79EFBC}") = "ExceptionsAndStuff", "ExceptionsAndStuff\ExceptionsAndStuff.csproj", "{FA8CF062-3593-477F-AE52-54123BA8F696}"
EndProject
Project("{2150E333-8FDC-42A3-9474-1A3956D46DE8}") = "ByRefByVal", "ByRefByVal", "{9423EBB7-D5DD-4EA1-9860-FD84D07BCEA4}"
EndProject
Project("{FAE04EC0-301F-11D3-BF4B-00C04F79EFBC}") = "ByRefByValExample", "ByRefByValExample\ByRefByValExample.csproj", "{8B98F3B0-D174-4F13-BA69-178F60EED2B7}"
EndProject
Project("{9A19103F-16F7-4668-BE54-9A1E7A4F7556}") = "Functions", "ConsoleApp1\Functions.csproj", "{80BCAF13-BD54-414A-9219-7A0F6E8A5419}"
EndProject
Project("{FAE04EC0-301F-11D3-BF4B-00C04F79EFBC}") = "Arrays", "Arrays\Arrays.csproj", "{DE4FF5F1-E43E-4A99-A98E-169C22791DBF}"
EndProject
Project("{FAE04EC0-301F-11D3-BF4B-00C04F79EFBC}") = "NestedLoops", "NestedLoops\NestedLoops.csproj", "{49DDBFE3-90E7-4086-964F-4E5467604D69}"
EndProject
Project("{2150E333-8FDC-42A3-9474-1A3956D46DE8}") = "Collections", "Collections", "{6B026B4B-AAE4-403E-88ED-91B406A5DA5D}"
EndProject
Project("{FAE04EC0-301F-11D3-BF4B-00C04F79EFBC}") = "Lists", "Lists\Lists.csproj", "{FF1DD735-1733-4EE7-8CE5-35086E0D0F5B}"
EndProject
Project("{FAE04EC0-301F-11D3-BF4B-00C04F79EFBC}") = "StacksAndQueues", "StacksAndQueues\StacksAndQueues.csproj", "{E518DD47-3476-40E8-A88C-4A13F5764114}"
EndProject
Project("{FAE04EC0-301F-11D3-BF4B-00C04F79EFBC}") = "Dictionaries", "Dictionaries\Dictionaries.csproj", "{F99A4D4D-1F39-419A-AFC2-9EAD67F0507D}"
EndProject
Project("{FAE04EC0-301F-11D3-BF4B-00C04F79EFBC}") = "HashTables", "HashTables\HashTables.csproj", "{926E2F68-EBC3-4292-84D7-317EAFB5884C}"
EndProject
Global
	GlobalSection(SolutionConfigurationPlatforms) = preSolution
		Debug|Any CPU = Debug|Any CPU
		Release|Any CPU = Release|Any CPU
	EndGlobalSection
	GlobalSection(ProjectConfigurationPlatforms) = postSolution
		{0FB62BA0-0AD2-46D2-9FDA-87988F5E8E59}.Debug|Any CPU.ActiveCfg = Debug|Any CPU
		{0FB62BA0-0AD2-46D2-9FDA-87988F5E8E59}.Debug|Any CPU.Build.0 = Debug|Any CPU
		{0FB62BA0-0AD2-46D2-9FDA-87988F5E8E59}.Release|Any CPU.ActiveCfg = Release|Any CPU
		{0FB62BA0-0AD2-46D2-9FDA-87988F5E8E59}.Release|Any CPU.Build.0 = Release|Any CPU
		{14723804-C0F1-4183-942B-92B4A883A408}.Debug|Any CPU.ActiveCfg = Debug|Any CPU
		{14723804-C0F1-4183-942B-92B4A883A408}.Debug|Any CPU.Build.0 = Debug|Any CPU
		{14723804-C0F1-4183-942B-92B4A883A408}.Release|Any CPU.ActiveCfg = Release|Any CPU
		{14723804-C0F1-4183-942B-92B4A883A408}.Release|Any CPU.Build.0 = Release|Any CPU
		{BCF64EBC-1430-4EC8-BC2C-B96484EA5F35}.Debug|Any CPU.ActiveCfg = Debug|Any CPU
		{BCF64EBC-1430-4EC8-BC2C-B96484EA5F35}.Debug|Any CPU.Build.0 = Debug|Any CPU
		{BCF64EBC-1430-4EC8-BC2C-B96484EA5F35}.Release|Any CPU.ActiveCfg = Release|Any CPU
		{BCF64EBC-1430-4EC8-BC2C-B96484EA5F35}.Release|Any CPU.Build.0 = Release|Any CPU
		{2C3322D2-8741-4C46-A334-EC8806490A7B}.Debug|Any CPU.ActiveCfg = Debug|Any CPU
		{2C3322D2-8741-4C46-A334-EC8806490A7B}.Debug|Any CPU.Build.0 = Debug|Any CPU
		{2C3322D2-8741-4C46-A334-EC8806490A7B}.Release|Any CPU.ActiveCfg = Release|Any CPU
		{2C3322D2-8741-4C46-A334-EC8806490A7B}.Release|Any CPU.Build.0 = Release|Any CPU
		{6023992B-05AF-4EAE-81AF-ED02CFCC1F9C}.Debug|Any CPU.ActiveCfg = Debug|Any CPU
		{6023992B-05AF-4EAE-81AF-ED02CFCC1F9C}.Debug|Any CPU.Build.0 = Debug|Any CPU
		{6023992B-05AF-4EAE-81AF-ED02CFCC1F9C}.Release|Any CPU.ActiveCfg = Release|Any CPU
		{6023992B-05AF-4EAE-81AF-ED02CFCC1F9C}.Release|Any CPU.Build.0 = Release|Any CPU
		{201C1E58-EBC7-4B80-9387-D42B22DBE94D}.Debug|Any CPU.ActiveCfg = Debug|Any CPU
		{201C1E58-EBC7-4B80-9387-D42B22DBE94D}.Debug|Any CPU.Build.0 = Debug|Any CPU
		{201C1E58-EBC7-4B80-9387-D42B22DBE94D}.Release|Any CPU.ActiveCfg = Release|Any CPU
		{201C1E58-EBC7-4B80-9387-D42B22DBE94D}.Release|Any CPU.Build.0 = Release|Any CPU
		{B9CF952E-73E8-433F-AB9E-4E401953BFC4}.Debug|Any CPU.ActiveCfg = Debug|Any CPU
		{B9CF952E-73E8-433F-AB9E-4E401953BFC4}.Debug|Any CPU.Build.0 = Debug|Any CPU
		{B9CF952E-73E8-433F-AB9E-4E401953BFC4}.Release|Any CPU.ActiveCfg = Release|Any CPU
		{B9CF952E-73E8-433F-AB9E-4E401953BFC4}.Release|Any CPU.Build.0 = Release|Any CPU
		{A606549F-7DB8-474A-8BD1-EBCF5CA6C2AA}.Debug|Any CPU.ActiveCfg = Debug|Any CPU
		{A606549F-7DB8-474A-8BD1-EBCF5CA6C2AA}.Debug|Any CPU.Build.0 = Debug|Any CPU
		{A606549F-7DB8-474A-8BD1-EBCF5CA6C2AA}.Release|Any CPU.ActiveCfg = Release|Any CPU
		{A606549F-7DB8-474A-8BD1-EBCF5CA6C2AA}.Release|Any CPU.Build.0 = Release|Any CPU
		{282F4D30-F68D-4AF3-AEEC-77C5B6ABF0AE}.Debug|Any CPU.ActiveCfg = Debug|Any CPU
		{282F4D30-F68D-4AF3-AEEC-77C5B6ABF0AE}.Debug|Any CPU.Build.0 = Debug|Any CPU
		{282F4D30-F68D-4AF3-AEEC-77C5B6ABF0AE}.Release|Any CPU.ActiveCfg = Release|Any CPU
		{282F4D30-F68D-4AF3-AEEC-77C5B6ABF0AE}.Release|Any CPU.Build.0 = Release|Any CPU
		{9E40DEE1-B7E3-48DB-9339-751EA5493F85}.Debug|Any CPU.ActiveCfg = Debug|Any CPU
		{9E40DEE1-B7E3-48DB-9339-751EA5493F85}.Debug|Any CPU.Build.0 = Debug|Any CPU
		{9E40DEE1-B7E3-48DB-9339-751EA5493F85}.Release|Any CPU.ActiveCfg = Release|Any CPU
		{9E40DEE1-B7E3-48DB-9339-751EA5493F85}.Release|Any CPU.Build.0 = Release|Any CPU
		{FA8CF062-3593-477F-AE52-54123BA8F696}.Debug|Any CPU.ActiveCfg = Debug|Any CPU
		{FA8CF062-3593-477F-AE52-54123BA8F696}.Debug|Any CPU.Build.0 = Debug|Any CPU
		{FA8CF062-3593-477F-AE52-54123BA8F696}.Release|Any CPU.ActiveCfg = Release|Any CPU
		{FA8CF062-3593-477F-AE52-54123BA8F696}.Release|Any CPU.Build.0 = Release|Any CPU
		{8B98F3B0-D174-4F13-BA69-178F60EED2B7}.Debug|Any CPU.ActiveCfg = Debug|Any CPU
		{8B98F3B0-D174-4F13-BA69-178F60EED2B7}.Debug|Any CPU.Build.0 = Debug|Any CPU
		{8B98F3B0-D174-4F13-BA69-178F60EED2B7}.Release|Any CPU.ActiveCfg = Release|Any CPU
		{8B98F3B0-D174-4F13-BA69-178F60EED2B7}.Release|Any CPU.Build.0 = Release|Any CPU
		{80BCAF13-BD54-414A-9219-7A0F6E8A5419}.Debug|Any CPU.ActiveCfg = Debug|Any CPU
		{80BCAF13-BD54-414A-9219-7A0F6E8A5419}.Debug|Any CPU.Build.0 = Debug|Any CPU
		{80BCAF13-BD54-414A-9219-7A0F6E8A5419}.Release|Any CPU.ActiveCfg = Release|Any CPU
		{80BCAF13-BD54-414A-9219-7A0F6E8A5419}.Release|Any CPU.Build.0 = Release|Any CPU
		{DE4FF5F1-E43E-4A99-A98E-169C22791DBF}.Debug|Any CPU.ActiveCfg = Debug|Any CPU
		{DE4FF5F1-E43E-4A99-A98E-169C22791DBF}.Debug|Any CPU.Build.0 = Debug|Any CPU
		{DE4FF5F1-E43E-4A99-A98E-169C22791DBF}.Release|Any CPU.ActiveCfg = Release|Any CPU
		{DE4FF5F1-E43E-4A99-A98E-169C22791DBF}.Release|Any CPU.Build.0 = Release|Any CPU
		{49DDBFE3-90E7-4086-964F-4E5467604D69}.Debug|Any CPU.ActiveCfg = Debug|Any CPU
		{49DDBFE3-90E7-4086-964F-4E5467604D69}.Debug|Any CPU.Build.0 = Debug|Any CPU
		{49DDBFE3-90E7-4086-964F-4E5467604D69}.Release|Any CPU.ActiveCfg = Release|Any CPU
		{49DDBFE3-90E7-4086-964F-4E5467604D69}.Release|Any CPU.Build.0 = Release|Any CPU
		{FF1DD735-1733-4EE7-8CE5-35086E0D0F5B}.Debug|Any CPU.ActiveCfg = Debug|Any CPU
		{FF1DD735-1733-4EE7-8CE5-35086E0D0F5B}.Debug|Any CPU.Build.0 = Debug|Any CPU
		{FF1DD735-1733-4EE7-8CE5-35086E0D0F5B}.Release|Any CPU.ActiveCfg = Release|Any CPU
		{FF1DD735-1733-4EE7-8CE5-35086E0D0F5B}.Release|Any CPU.Build.0 = Release|Any CPU
		{E518DD47-3476-40E8-A88C-4A13F5764114}.Debug|Any CPU.ActiveCfg = Debug|Any CPU
		{E518DD47-3476-40E8-A88C-4A13F5764114}.Debug|Any CPU.Build.0 = Debug|Any CPU
		{E518DD47-3476-40E8-A88C-4A13F5764114}.Release|Any CPU.ActiveCfg = Release|Any CPU
		{E518DD47-3476-40E8-A88C-4A13F5764114}.Release|Any CPU.Build.0 = Release|Any CPU
		{F99A4D4D-1F39-419A-AFC2-9EAD67F0507D}.Debug|Any CPU.ActiveCfg = Debug|Any CPU
		{F99A4D4D-1F39-419A-AFC2-9EAD67F0507D}.Debug|Any CPU.Build.0 = Debug|Any CPU
		{F99A4D4D-1F39-419A-AFC2-9EAD67F0507D}.Release|Any CPU.ActiveCfg = Release|Any CPU
		{F99A4D4D-1F39-419A-AFC2-9EAD67F0507D}.Release|Any CPU.Build.0 = Release|Any CPU
		{926E2F68-EBC3-4292-84D7-317EAFB5884C}.Debug|Any CPU.ActiveCfg = Debug|Any CPU
		{926E2F68-EBC3-4292-84D7-317EAFB5884C}.Debug|Any CPU.Build.0 = Debug|Any CPU
		{926E2F68-EBC3-4292-84D7-317EAFB5884C}.Release|Any CPU.ActiveCfg = Release|Any CPU
		{926E2F68-EBC3-4292-84D7-317EAFB5884C}.Release|Any CPU.Build.0 = Release|Any CPU
	EndGlobalSection
	GlobalSection(SolutionProperties) = preSolution
		HideSolutionNode = FALSE
	EndGlobalSection
	GlobalSection(NestedProjects) = preSolution
		{0FB62BA0-0AD2-46D2-9FDA-87988F5E8E59} = {0BBDFD85-BBF0-496B-A6B9-62E9AF5E9532}
		{14723804-C0F1-4183-942B-92B4A883A408} = {0BBDFD85-BBF0-496B-A6B9-62E9AF5E9532}
		{BCF64EBC-1430-4EC8-BC2C-B96484EA5F35} = {0BBDFD85-BBF0-496B-A6B9-62E9AF5E9532}
		{2C3322D2-8741-4C46-A334-EC8806490A7B} = {C2D90613-06A0-40CF-B221-6E377A627233}
		{6023992B-05AF-4EAE-81AF-ED02CFCC1F9C} = {82FBBF2B-3A3D-4BB9-B52B-D2B2147DBDA0}
		{201C1E58-EBC7-4B80-9387-D42B22DBE94D} = {82FBBF2B-3A3D-4BB9-B52B-D2B2147DBDA0}
		{B9CF952E-73E8-433F-AB9E-4E401953BFC4} = {29366091-DC2E-48EE-8343-8A4CA8F3BFDC}
		{A606549F-7DB8-474A-8BD1-EBCF5CA6C2AA} = {29366091-DC2E-48EE-8343-8A4CA8F3BFDC}
		{282F4D30-F68D-4AF3-AEEC-77C5B6ABF0AE} = {82FBBF2B-3A3D-4BB9-B52B-D2B2147DBDA0}
		{D9065F40-5F88-470E-83FE-B48BC9EE37E7} = {C2FE1FAD-7AAA-4AFE-91E2-55B922080362}
		{2036D537-D391-406F-B18B-D95AB75F8A54} = {C2FE1FAD-7AAA-4AFE-91E2-55B922080362}
		{9E40DEE1-B7E3-48DB-9339-751EA5493F85} = {D9065F40-5F88-470E-83FE-B48BC9EE37E7}
		{59BCF0D2-B8CC-425A-AC27-FA2CD3842B75} = {C2FE1FAD-7AAA-4AFE-91E2-55B922080362}
		{FA8CF062-3593-477F-AE52-54123BA8F696} = {59BCF0D2-B8CC-425A-AC27-FA2CD3842B75}
		{9423EBB7-D5DD-4EA1-9860-FD84D07BCEA4} = {C2FE1FAD-7AAA-4AFE-91E2-55B922080362}
		{8B98F3B0-D174-4F13-BA69-178F60EED2B7} = {9423EBB7-D5DD-4EA1-9860-FD84D07BCEA4}
		{80BCAF13-BD54-414A-9219-7A0F6E8A5419} = {0BBDFD85-BBF0-496B-A6B9-62E9AF5E9532}
		{DE4FF5F1-E43E-4A99-A98E-169C22791DBF} = {0BBDFD85-BBF0-496B-A6B9-62E9AF5E9532}
		{49DDBFE3-90E7-4086-964F-4E5467604D69} = {0BBDFD85-BBF0-496B-A6B9-62E9AF5E9532}
		{FF1DD735-1733-4EE7-8CE5-35086E0D0F5B} = {6B026B4B-AAE4-403E-88ED-91B406A5DA5D}
		{E518DD47-3476-40E8-A88C-4A13F5764114} = {6B026B4B-AAE4-403E-88ED-91B406A5DA5D}
		{F99A4D4D-1F39-419A-AFC2-9EAD67F0507D} = {6B026B4B-AAE4-403E-88ED-91B406A5DA5D}
		{926E2F68-EBC3-4292-84D7-317EAFB5884C} = {6B026B4B-AAE4-403E-88ED-91B406A5DA5D}
	EndGlobalSection
	GlobalSection(ExtensibilityGlobals) = postSolution
		SolutionGuid = {F4C88E41-5A02-4888-85FE-CB77C2957C17}
	EndGlobalSection
EndGlobal
