
Microsoft Visual Studio Solution File, Format Version 12.00
# Visual Studio 15
VisualStudioVersion = 15.0.26730.16
MinimumVisualStudioVersion = 10.0.40219.1
Project("{FAE04EC0-301F-11D3-BF4B-00C04F79EFBC}") = "dalsanto_GuessTheWord", "dalsanto_GuessTheWord\dalsanto_GuessTheWord.csproj", "{4C48A0B4-2635-4C14-BEB6-141814F79A0B}"
EndProject
Global
	GlobalSection(SolutionConfigurationPlatforms) = preSolution
		Debug|Any CPU = Debug|Any CPU
		Release|Any CPU = Release|Any CPU
	EndGlobalSection
	GlobalSection(ProjectConfigurationPlatforms) = postSolution
		{4C48A0B4-2635-4C14-BEB6-141814F79A0B}.Debug|Any CPU.ActiveCfg = Debug|Any CPU
		{4C48A0B4-2635-4C14-BEB6-141814F79A0B}.Debug|Any CPU.Build.0 = Debug|Any CPU
		{4C48A0B4-2635-4C14-BEB6-141814F79A0B}.Release|Any CPU.ActiveCfg = Release|Any CPU
		{4C48A0B4-2635-4C14-BEB6-141814F79A0B}.Release|Any CPU.Build.0 = Release|Any CPU
	EndGlobalSection
	GlobalSection(SolutionProperties) = preSolution
		HideSolutionNode = FALSE
	EndGlobalSection
	GlobalSection(ExtensibilityGlobals) = postSolution
		SolutionGuid = {B7243239-A7F5-4AB9-BCF7-7112A5DF4456}
	EndGlobalSection
EndGlobal
