
Microsoft Visual Studio Solution File, Format Version 12.00
# Visual Studio Version 16
VisualStudioVersion = 16.0.29926.136
MinimumVisualStudioVersion = 10.0.40219.1
Project("{FAE04EC0-301F-11D3-BF4B-00C04F79EFBC}") = "RepoTest", "RepoTest\RepoTest.csproj", "{09C986B6-7811-4016-9DA1-43BC09BB9B1C}"
EndProject
Global
	GlobalSection(SolutionConfigurationPlatforms) = preSolution
		Debug|Any CPU = Debug|Any CPU
		Release|Any CPU = Release|Any CPU
	EndGlobalSection
	GlobalSection(ProjectConfigurationPlatforms) = postSolution
		{09C986B6-7811-4016-9DA1-43BC09BB9B1C}.Debug|Any CPU.ActiveCfg = Debug|Any CPU
		{09C986B6-7811-4016-9DA1-43BC09BB9B1C}.Debug|Any CPU.Build.0 = Debug|Any CPU
		{09C986B6-7811-4016-9DA1-43BC09BB9B1C}.Release|Any CPU.ActiveCfg = Release|Any CPU
		{09C986B6-7811-4016-9DA1-43BC09BB9B1C}.Release|Any CPU.Build.0 = Release|Any CPU
	EndGlobalSection
	GlobalSection(SolutionProperties) = preSolution
		HideSolutionNode = FALSE
	EndGlobalSection
	GlobalSection(ExtensibilityGlobals) = postSolution
		SolutionGuid = {B99FAF92-32DE-4CB0-BA13-653B8D72B8C8}
	EndGlobalSection
EndGlobal
