
Microsoft Visual Studio Solution File, Format Version 12.00
# Visual Studio Version 16
VisualStudioVersion = 16.0.29324.140
MinimumVisualStudioVersion = 10.0.40219.1
Project("{FAE04EC0-301F-11D3-BF4B-00C04F79EFBC}") = "What time is it", "..\1 What time is it\What time is it\What time is it.csproj", "{4C2EEFC7-0EAE-4626-8397-51D0A0D39A5A}"
EndProject
Project("{FAE04EC0-301F-11D3-BF4B-00C04F79EFBC}") = "What date is today", "..\2 What date is today\What date is today\What date is today.csproj", "{F6EFB772-720F-4CCB-84AB-6121899CC990}"
EndProject
Project("{FAE04EC0-301F-11D3-BF4B-00C04F79EFBC}") = "Date components", "..\3 Date components\Date components\Date components.csproj", "{A922D2A8-EF37-436A-8B55-BE7042F5E4D9}"
EndProject
Project("{FAE04EC0-301F-11D3-BF4B-00C04F79EFBC}") = "Date components (without using)", "..\4 Date components (without using)\Date components (without using)\Date components (without using).csproj", "{9A344DB7-7F5C-4419-854C-4D6E6799EC04}"
EndProject
Project("{FAE04EC0-301F-11D3-BF4B-00C04F79EFBC}") = "Environment object", "..\5 Environment object\Environment object\Environment object.csproj", "{F0996581-3D80-4215-8531-C70A818B6B40}"
EndProject
Global
	GlobalSection(SolutionConfigurationPlatforms) = preSolution
		Debug|Any CPU = Debug|Any CPU
		Release|Any CPU = Release|Any CPU
	EndGlobalSection
	GlobalSection(ProjectConfigurationPlatforms) = postSolution
		{4C2EEFC7-0EAE-4626-8397-51D0A0D39A5A}.Debug|Any CPU.ActiveCfg = Debug|Any CPU
		{4C2EEFC7-0EAE-4626-8397-51D0A0D39A5A}.Debug|Any CPU.Build.0 = Debug|Any CPU
		{4C2EEFC7-0EAE-4626-8397-51D0A0D39A5A}.Release|Any CPU.ActiveCfg = Release|Any CPU
		{4C2EEFC7-0EAE-4626-8397-51D0A0D39A5A}.Release|Any CPU.Build.0 = Release|Any CPU
		{F6EFB772-720F-4CCB-84AB-6121899CC990}.Debug|Any CPU.ActiveCfg = Debug|Any CPU
		{F6EFB772-720F-4CCB-84AB-6121899CC990}.Debug|Any CPU.Build.0 = Debug|Any CPU
		{F6EFB772-720F-4CCB-84AB-6121899CC990}.Release|Any CPU.ActiveCfg = Release|Any CPU
		{F6EFB772-720F-4CCB-84AB-6121899CC990}.Release|Any CPU.Build.0 = Release|Any CPU
		{A922D2A8-EF37-436A-8B55-BE7042F5E4D9}.Debug|Any CPU.ActiveCfg = Debug|Any CPU
		{A922D2A8-EF37-436A-8B55-BE7042F5E4D9}.Debug|Any CPU.Build.0 = Debug|Any CPU
		{A922D2A8-EF37-436A-8B55-BE7042F5E4D9}.Release|Any CPU.ActiveCfg = Release|Any CPU
		{A922D2A8-EF37-436A-8B55-BE7042F5E4D9}.Release|Any CPU.Build.0 = Release|Any CPU
		{9A344DB7-7F5C-4419-854C-4D6E6799EC04}.Debug|Any CPU.ActiveCfg = Debug|Any CPU
		{9A344DB7-7F5C-4419-854C-4D6E6799EC04}.Debug|Any CPU.Build.0 = Debug|Any CPU
		{9A344DB7-7F5C-4419-854C-4D6E6799EC04}.Release|Any CPU.ActiveCfg = Release|Any CPU
		{9A344DB7-7F5C-4419-854C-4D6E6799EC04}.Release|Any CPU.Build.0 = Release|Any CPU
		{F0996581-3D80-4215-8531-C70A818B6B40}.Debug|Any CPU.ActiveCfg = Debug|Any CPU
		{F0996581-3D80-4215-8531-C70A818B6B40}.Debug|Any CPU.Build.0 = Debug|Any CPU
		{F0996581-3D80-4215-8531-C70A818B6B40}.Release|Any CPU.ActiveCfg = Release|Any CPU
		{F0996581-3D80-4215-8531-C70A818B6B40}.Release|Any CPU.Build.0 = Release|Any CPU
	EndGlobalSection
	GlobalSection(SolutionProperties) = preSolution
		HideSolutionNode = FALSE
	EndGlobalSection
	GlobalSection(ExtensibilityGlobals) = postSolution
		SolutionGuid = {3BEC47BC-7424-4877-A574-2E6C81C64289}
	EndGlobalSection
EndGlobal
