
Microsoft Visual Studio Solution File, Format Version 12.00
# Visual Studio 15
VisualStudioVersion = 15.0.27130.2024
MinimumVisualStudioVersion = 10.0.40219.1
Project("{FAE04EC0-301F-11D3-BF4B-00C04F79EFBC}") = "OOP_Introduction", "OOP_Introduction\OOP_Introduction.csproj", "{581784A1-438F-42E5-8F96-16B6881B9593}"
EndProject
Global
	GlobalSection(SolutionConfigurationPlatforms) = preSolution
		Debug|Any CPU = Debug|Any CPU
		Release|Any CPU = Release|Any CPU
	EndGlobalSection
	GlobalSection(ProjectConfigurationPlatforms) = postSolution
		{581784A1-438F-42E5-8F96-16B6881B9593}.Debug|Any CPU.ActiveCfg = Debug|Any CPU
		{581784A1-438F-42E5-8F96-16B6881B9593}.Debug|Any CPU.Build.0 = Debug|Any CPU
		{581784A1-438F-42E5-8F96-16B6881B9593}.Release|Any CPU.ActiveCfg = Release|Any CPU
		{581784A1-438F-42E5-8F96-16B6881B9593}.Release|Any CPU.Build.0 = Release|Any CPU
	EndGlobalSection
	GlobalSection(SolutionProperties) = preSolution
		HideSolutionNode = FALSE
	EndGlobalSection
	GlobalSection(ExtensibilityGlobals) = postSolution
		SolutionGuid = {08BA819F-0DF1-4C22-A3A0-CD0511DB7104}
	EndGlobalSection
EndGlobal
