
Microsoft Visual Studio Solution File, Format Version 12.00
# Visual Studio Version 16
VisualStudioVersion = 16.0.29926.136
MinimumVisualStudioVersion = 10.0.40219.1
Project("{FAE04EC0-301F-11D3-BF4B-00C04F79EFBC}") = "TestConsoleAppForShow", "TestConsoleAppForShow\TestConsoleAppForShow.csproj", "{52887B3F-39CC-45EF-AFF7-3728A3657B45}"
EndProject
Global
	GlobalSection(SolutionConfigurationPlatforms) = preSolution
		Debug|Any CPU = Debug|Any CPU
		Release|Any CPU = Release|Any CPU
	EndGlobalSection
	GlobalSection(ProjectConfigurationPlatforms) = postSolution
		{52887B3F-39CC-45EF-AFF7-3728A3657B45}.Debug|Any CPU.ActiveCfg = Debug|Any CPU
		{52887B3F-39CC-45EF-AFF7-3728A3657B45}.Debug|Any CPU.Build.0 = Debug|Any CPU
		{52887B3F-39CC-45EF-AFF7-3728A3657B45}.Release|Any CPU.ActiveCfg = Release|Any CPU
		{52887B3F-39CC-45EF-AFF7-3728A3657B45}.Release|Any CPU.Build.0 = Release|Any CPU
	EndGlobalSection
	GlobalSection(SolutionProperties) = preSolution
		HideSolutionNode = FALSE
	EndGlobalSection
	GlobalSection(ExtensibilityGlobals) = postSolution
		SolutionGuid = {EFC43336-DC22-458D-9E60-0AE282E9AF3E}
	EndGlobalSection
EndGlobal
