
Microsoft Visual Studio Solution File, Format Version 12.00
# Visual Studio 15
VisualStudioVersion = 15.0.26730.16
MinimumVisualStudioVersion = 10.0.40219.1
Project("{FAE04EC0-301F-11D3-BF4B-00C04F79EFBC}") = "dalsanto_InsertFunOO", "dalsanto_InsertFunOO\dalsanto_InsertFunOO.csproj", "{AA1F832E-ECEB-4E87-A2E3-A1FD2A28E85C}"
EndProject
Global
	GlobalSection(SolutionConfigurationPlatforms) = preSolution
		Debug|Any CPU = Debug|Any CPU
		Release|Any CPU = Release|Any CPU
	EndGlobalSection
	GlobalSection(ProjectConfigurationPlatforms) = postSolution
		{AA1F832E-ECEB-4E87-A2E3-A1FD2A28E85C}.Debug|Any CPU.ActiveCfg = Debug|Any CPU
		{AA1F832E-ECEB-4E87-A2E3-A1FD2A28E85C}.Debug|Any CPU.Build.0 = Debug|Any CPU
		{AA1F832E-ECEB-4E87-A2E3-A1FD2A28E85C}.Release|Any CPU.ActiveCfg = Release|Any CPU
		{AA1F832E-ECEB-4E87-A2E3-A1FD2A28E85C}.Release|Any CPU.Build.0 = Release|Any CPU
	EndGlobalSection
	GlobalSection(SolutionProperties) = preSolution
		HideSolutionNode = FALSE
	EndGlobalSection
	GlobalSection(ExtensibilityGlobals) = postSolution
		SolutionGuid = {A51BE14D-B129-499F-AD88-FD5D95A0DFF7}
	EndGlobalSection
EndGlobal
