
Microsoft Visual Studio Solution File, Format Version 12.00
# Visual Studio 15
VisualStudioVersion = 15.0.26730.16
MinimumVisualStudioVersion = 10.0.40219.1
Project("{FAE04EC0-301F-11D3-BF4B-00C04F79EFBC}") = "dalsanto_FinalExam", "dalsanto_FinalExam\dalsanto_FinalExam.csproj", "{857D8135-3857-4A08-B89F-A73BFD45FA7B}"
EndProject
Global
	GlobalSection(SolutionConfigurationPlatforms) = preSolution
		Debug|Any CPU = Debug|Any CPU
		Release|Any CPU = Release|Any CPU
	EndGlobalSection
	GlobalSection(ProjectConfigurationPlatforms) = postSolution
		{857D8135-3857-4A08-B89F-A73BFD45FA7B}.Debug|Any CPU.ActiveCfg = Debug|Any CPU
		{857D8135-3857-4A08-B89F-A73BFD45FA7B}.Debug|Any CPU.Build.0 = Debug|Any CPU
		{857D8135-3857-4A08-B89F-A73BFD45FA7B}.Release|Any CPU.ActiveCfg = Release|Any CPU
		{857D8135-3857-4A08-B89F-A73BFD45FA7B}.Release|Any CPU.Build.0 = Release|Any CPU
	EndGlobalSection
	GlobalSection(SolutionProperties) = preSolution
		HideSolutionNode = FALSE
	EndGlobalSection
	GlobalSection(ExtensibilityGlobals) = postSolution
		SolutionGuid = {E6A5144C-67A3-45B3-AE4F-1C36FB8E9C8F}
	EndGlobalSection
EndGlobal
