
Microsoft Visual Studio Solution File, Format Version 12.00
# Visual Studio Version 16
VisualStudioVersion = 16.0.29324.140
MinimumVisualStudioVersion = 10.0.40219.1
Project("{FAE04EC0-301F-11D3-BF4B-00C04F79EFBC}") = "Text of month", "..\1 Text of month\Text of month\Text of month.csproj", "{B0AF8D86-F0B8-456D-A4A3-AEAB24BDB778}"
EndProject
Project("{FAE04EC0-301F-11D3-BF4B-00C04F79EFBC}") = "Tomorrow", "..\2 Tomorrow\Tomorrow\Tomorrow.csproj", "{95A05F37-37EB-4859-B73F-F229500E5F2D}"
EndProject
Project("{FAE04EC0-301F-11D3-BF4B-00C04F79EFBC}") = "Specific day", "..\3 Specific day\Specific day\Specific day.csproj", "{0143D846-BB07-4E57-9C07-A68D0C146ED6}"
EndProject
Project("{FAE04EC0-301F-11D3-BF4B-00C04F79EFBC}") = "Single die", "..\4 Single die\Single die\Single die.csproj", "{DE358D7D-B314-40AA-9ABE-5A6190D6AC87}"
EndProject
Project("{FAE04EC0-301F-11D3-BF4B-00C04F79EFBC}") = "Two dice", "..\5 Two dice\Two dice\Two dice.csproj", "{9ADEA42E-AB2B-48A9-A547-C60E79C872F9}"
EndProject
Project("{FAE04EC0-301F-11D3-BF4B-00C04F79EFBC}") = "Path to desktop", "..\6 Path to desktop\Path to desktop\Path to desktop.csproj", "{32FF1AEE-03EB-48B5-8DBD-E0608A38B737}"
EndProject
Global
	GlobalSection(SolutionConfigurationPlatforms) = preSolution
		Debug|Any CPU = Debug|Any CPU
		Release|Any CPU = Release|Any CPU
	EndGlobalSection
	GlobalSection(ProjectConfigurationPlatforms) = postSolution
		{B0AF8D86-F0B8-456D-A4A3-AEAB24BDB778}.Debug|Any CPU.ActiveCfg = Debug|Any CPU
		{B0AF8D86-F0B8-456D-A4A3-AEAB24BDB778}.Debug|Any CPU.Build.0 = Debug|Any CPU
		{B0AF8D86-F0B8-456D-A4A3-AEAB24BDB778}.Release|Any CPU.ActiveCfg = Release|Any CPU
		{B0AF8D86-F0B8-456D-A4A3-AEAB24BDB778}.Release|Any CPU.Build.0 = Release|Any CPU
		{95A05F37-37EB-4859-B73F-F229500E5F2D}.Debug|Any CPU.ActiveCfg = Debug|Any CPU
		{95A05F37-37EB-4859-B73F-F229500E5F2D}.Debug|Any CPU.Build.0 = Debug|Any CPU
		{95A05F37-37EB-4859-B73F-F229500E5F2D}.Release|Any CPU.ActiveCfg = Release|Any CPU
		{95A05F37-37EB-4859-B73F-F229500E5F2D}.Release|Any CPU.Build.0 = Release|Any CPU
		{0143D846-BB07-4E57-9C07-A68D0C146ED6}.Debug|Any CPU.ActiveCfg = Debug|Any CPU
		{0143D846-BB07-4E57-9C07-A68D0C146ED6}.Debug|Any CPU.Build.0 = Debug|Any CPU
		{0143D846-BB07-4E57-9C07-A68D0C146ED6}.Release|Any CPU.ActiveCfg = Release|Any CPU
		{0143D846-BB07-4E57-9C07-A68D0C146ED6}.Release|Any CPU.Build.0 = Release|Any CPU
		{DE358D7D-B314-40AA-9ABE-5A6190D6AC87}.Debug|Any CPU.ActiveCfg = Debug|Any CPU
		{DE358D7D-B314-40AA-9ABE-5A6190D6AC87}.Debug|Any CPU.Build.0 = Debug|Any CPU
		{DE358D7D-B314-40AA-9ABE-5A6190D6AC87}.Release|Any CPU.ActiveCfg = Release|Any CPU
		{DE358D7D-B314-40AA-9ABE-5A6190D6AC87}.Release|Any CPU.Build.0 = Release|Any CPU
		{9ADEA42E-AB2B-48A9-A547-C60E79C872F9}.Debug|Any CPU.ActiveCfg = Debug|Any CPU
		{9ADEA42E-AB2B-48A9-A547-C60E79C872F9}.Debug|Any CPU.Build.0 = Debug|Any CPU
		{9ADEA42E-AB2B-48A9-A547-C60E79C872F9}.Release|Any CPU.ActiveCfg = Release|Any CPU
		{9ADEA42E-AB2B-48A9-A547-C60E79C872F9}.Release|Any CPU.Build.0 = Release|Any CPU
		{32FF1AEE-03EB-48B5-8DBD-E0608A38B737}.Debug|Any CPU.ActiveCfg = Debug|Any CPU
		{32FF1AEE-03EB-48B5-8DBD-E0608A38B737}.Debug|Any CPU.Build.0 = Debug|Any CPU
		{32FF1AEE-03EB-48B5-8DBD-E0608A38B737}.Release|Any CPU.ActiveCfg = Release|Any CPU
		{32FF1AEE-03EB-48B5-8DBD-E0608A38B737}.Release|Any CPU.Build.0 = Release|Any CPU
	EndGlobalSection
	GlobalSection(SolutionProperties) = preSolution
		HideSolutionNode = FALSE
	EndGlobalSection
	GlobalSection(ExtensibilityGlobals) = postSolution
		SolutionGuid = {04CD325F-5B58-4099-9F1F-B07DF98720DC}
	EndGlobalSection
EndGlobal
